// !$*UTF8*$!
{
	archiveVersion = 1;
	classes = {
	};
	objectVersion = 46;
	objects = {

/* Begin PBXBuildFile section */
		49ACA8D11CE47CC20063A405 /* main.m in Sources */ = {isa = PBXBuildFile; fileRef = 49ACA8D01CE47CC20063A405 /* main.m */; };
		49ACA8D41CE47CC20063A405 /* AppDelegate.m in Sources */ = {isa = PBXBuildFile; fileRef = 49ACA8D31CE47CC20063A405 /* AppDelegate.m */; };
		49ACA8D71CE47CC20063A405 /* ViewController.m in Sources */ = {isa = PBXBuildFile; fileRef = 49ACA8D61CE47CC20063A405 /* ViewController.m */; };
		49ACA8DA1CE47CC20063A405 /* Main.storyboard in Resources */ = {isa = PBXBuildFile; fileRef = 49ACA8D81CE47CC20063A405 /* Main.storyboard */; };
		49ACA8DC1CE47CC20063A405 /* Assets.xcassets in Resources */ = {isa = PBXBuildFile; fileRef = 49ACA8DB1CE47CC20063A405 /* Assets.xcassets */; };
		49ACA8DF1CE47CC20063A405 /* LaunchScreen.storyboard in Resources */ = {isa = PBXBuildFile; fileRef = 49ACA8DD1CE47CC20063A405 /* LaunchScreen.storyboard */; };
		49ACA8EA1CE47CC20063A405 /* May__12Tests.m in Sources */ = {isa = PBXBuildFile; fileRef = 49ACA8E91CE47CC20063A405 /* May__12Tests.m */; };
		49ACA8F51CE47CC20063A405 /* May__12UITests.m in Sources */ = {isa = PBXBuildFile; fileRef = 49ACA8F41CE47CC20063A405 /* May__12UITests.m */; };
		49ACA9061CE486380063A405 /* RootOfViewController.m in Sources */ = {isa = PBXBuildFile; fileRef = 49ACA9051CE486380063A405 /* RootOfViewController.m */; };
		49E286361CE4A0200063DA38 /* 00.jpg in Resources */ = {isa = PBXBuildFile; fileRef = 49E286301CE4A0200063DA38 /* 00.jpg */; };
		49E286371CE4A0200063DA38 /* 01.jpg in Resources */ = {isa = PBXBuildFile; fileRef = 49E286311CE4A0200063DA38 /* 01.jpg */; };
		49E286381CE4A0200063DA38 /* 02.jpg in Resources */ = {isa = PBXBuildFile; fileRef = 49E286321CE4A0200063DA38 /* 02.jpg */; };
		49E286391CE4A0200063DA38 /* 03.jpg in Resources */ = {isa = PBXBuildFile; fileRef = 49E286331CE4A0200063DA38 /* 03.jpg */; };
		49E2863A1CE4A0200063DA38 /* 04.jpg in Resources */ = {isa = PBXBuildFile; fileRef = 49E286341CE4A0200063DA38 /* 04.jpg */; };
		49E2863B1CE4A0200063DA38 /* 05.jpg in Resources */ = {isa = PBXBuildFile; fileRef = 49E286351CE4A0200063DA38 /* 05.jpg */; };
		49E2863E1CE4A0780063DA38 /* PhotoOfButton.m in Sources */ = {isa = PBXBuildFile; fileRef = 49E2863D1CE4A0780063DA38 /* PhotoOfButton.m */; };
		49E286441CE4A0EA0063DA38 /* PhotoOfViewController.m in Sources */ = {isa = PBXBuildFile; fileRef = 49E286431CE4A0EA0063DA38 /* PhotoOfViewController.m */; };
		49E2864B1CE4B6020063DA38 /* ModelOfPhoto.m in Sources */ = {isa = PBXBuildFile; fileRef = 49E2864A1CE4B6020063DA38 /* ModelOfPhoto.m */; };
		49E2865B1CE4CD680063DA38 /* UIScrollView+SecondScrollView.m in Sources */ = {isa = PBXBuildFile; fileRef = 49E2865A1CE4CD680063DA38 /* UIScrollView+SecondScrollView.m */; };
/* End PBXBuildFile section */

/* Begin PBXContainerItemProxy section */
		49ACA8E61CE47CC20063A405 /* PBXContainerItemProxy */ = {
			isa = PBXContainerItemProxy;
			containerPortal = 49ACA8C41CE47CC20063A405 /* Project object */;
			proxyType = 1;
			remoteGlobalIDString = 49ACA8CB1CE47CC20063A405;
			remoteInfo = "May, 12";
		};
		49ACA8F11CE47CC20063A405 /* PBXContainerItemProxy */ = {
			isa = PBXContainerItemProxy;
			containerPortal = 49ACA8C41CE47CC20063A405 /* Project object */;
			proxyType = 1;
			remoteGlobalIDString = 49ACA8CB1CE47CC20063A405;
			remoteInfo = "May, 12";
		};
/* End PBXContainerItemProxy section */

/* Begin PBXFileReference section */
		49ACA8CC1CE47CC20063A405 /* May, 12.app */ = {isa = PBXFileReference; explicitFileType = wrapper.application; includeInIndex = 0; path = "May, 12.app"; sourceTree = BUILT_PRODUCTS_DIR; };
		49ACA8D01CE47CC20063A405 /* main.m */ = {isa = PBXFileReference; lastKnownFileType = sourcecode.c.objc; path = main.m; sourceTree = "<group>"; };
		49ACA8D21CE47CC20063A405 /* AppDelegate.h */ = {isa = PBXFileReference; lastKnownFileType = sourcecode.c.h; path = AppDelegate.h; sourceTree = "<group>"; };
		49ACA8D31CE47CC20063A405 /* AppDelegate.m */ = {isa = PBXFileReference; lastKnownFileType = sourcecode.c.objc; path = AppDelegate.m; sourceTree = "<group>"; };
		49ACA8D51CE47CC20063A405 /* ViewController.h */ = {isa = PBXFileReference; lastKnownFileType = sourcecode.c.h; name = ViewController.h; path = ../ViewController.h; sourceTree = "<group>"; };
		49ACA8D61CE47CC20063A405 /* ViewController.m */ = {isa = PBXFileReference; lastKnownFileType = sourcecode.c.objc; name = ViewController.m; path = ../ViewController.m; sourceTree = "<group>"; };
		49ACA8D91CE47CC20063A405 /* Base */ = {isa = PBXFileReference; lastKnownFileType = file.storyboard; name = Base; path = Base.lproj/Main.storyboard; sourceTree = "<group>"; };
		49ACA8DB1CE47CC20063A405 /* Assets.xcassets */ = {isa = PBXFileReference; lastKnownFileType = folder.assetcatalog; path = Assets.xcassets; sourceTree = "<group>"; };
		49ACA8DE1CE47CC20063A405 /* Base */ = {isa = PBXFileReference; lastKnownFileType = file.storyboard; name = Base; path = Base.lproj/LaunchScreen.storyboard; sourceTree = "<group>"; };
		49ACA8E01CE47CC20063A405 /* Info.plist */ = {isa = PBXFileReference; lastKnownFileType = text.plist.xml; path = Info.plist; sourceTree = "<group>"; };
		49ACA8E51CE47CC20063A405 /* May, 12Tests.xctest */ = {isa = PBXFileReference; explicitFileType = wrapper.cfbundle; includeInIndex = 0; path = "May, 12Tests.xctest"; sourceTree = BUILT_PRODUCTS_DIR; };
		49ACA8E91CE47CC20063A405 /* May__12Tests.m */ = {isa = PBXFileReference; lastKnownFileType = sourcecode.c.objc; path = May__12Tests.m; sourceTree = "<group>"; };
		49ACA8EB1CE47CC20063A405 /* Info.plist */ = {isa = PBXFileReference; lastKnownFileType = text.plist.xml; path = Info.plist; sourceTree = "<group>"; };
		49ACA8F01CE47CC20063A405 /* May, 12UITests.xctest */ = {isa = PBXFileReference; explicitFileType = wrapper.cfbundle; includeInIndex = 0; path = "May, 12UITests.xctest"; sourceTree = BUILT_PRODUCTS_DIR; };
		49ACA8F41CE47CC20063A405 /* May__12UITests.m */ = {isa = PBXFileReference; lastKnownFileType = sourcecode.c.objc; path = May__12UITests.m; sourceTree = "<group>"; };
		49ACA8F61CE47CC20063A405 /* Info.plist */ = {isa = PBXFileReference; lastKnownFileType = text.plist.xml; path = Info.plist; sourceTree = "<group>"; };
		49ACA9041CE486380063A405 /* RootOfViewController.h */ = {isa = PBXFileReference; fileEncoding = 4; lastKnownFileType = sourcecode.c.h; path = RootOfViewController.h; sourceTree = "<group>"; };
		49ACA9051CE486380063A405 /* RootOfViewController.m */ = {isa = PBXFileReference; fileEncoding = 4; lastKnownFileType = sourcecode.c.objc; path = RootOfViewController.m; sourceTree = "<group>"; };
		49E286301CE4A0200063DA38 /* 00.jpg */ = {isa = PBXFileReference; lastKnownFileType = image.jpeg; path = 00.jpg; sourceTree = "<group>"; };
		49E286311CE4A0200063DA38 /* 01.jpg */ = {isa = PBXFileReference; lastKnownFileType = image.jpeg; path = 01.jpg; sourceTree = "<group>"; };
		49E286321CE4A0200063DA38 /* 02.jpg */ = {isa = PBXFileReference; lastKnownFileType = image.jpeg; path = 02.jpg; sourceTree = "<group>"; };
		49E286331CE4A0200063DA38 /* 03.jpg */ = {isa = PBXFileReference; lastKnownFileType = image.jpeg; path = 03.jpg; sourceTree = "<group>"; };
		49E286341CE4A0200063DA38 /* 04.jpg */ = {isa = PBXFileReference; lastKnownFileType = image.jpeg; path = 04.jpg; sourceTree = "<group>"; };
		49E286351CE4A0200063DA38 /* 05.jpg */ = {isa = PBXFileReference; lastKnownFileType = image.jpeg; path = 05.jpg; sourceTree = "<group>"; };
		49E2863C1CE4A0780063DA38 /* PhotoOfButton.h */ = {isa = PBXFileReference; fileEncoding = 4; lastKnownFileType = sourcecode.c.h; path = PhotoOfButton.h; sourceTree = "<group>"; };
		49E2863D1CE4A0780063DA38 /* PhotoOfButton.m */ = {isa = PBXFileReference; fileEncoding = 4; lastKnownFileType = sourcecode.c.objc; path = PhotoOfButton.m; sourceTree = "<group>"; };
		49E286421CE4A0EA0063DA38 /* PhotoOfViewController.h */ = {isa = PBXFileReference; fileEncoding = 4; lastKnownFileType = sourcecode.c.h; path = PhotoOfViewController.h; sourceTree = "<group>"; };
		49E286431CE4A0EA0063DA38 /* PhotoOfViewController.m */ = {isa = PBXFileReference; fileEncoding = 4; lastKnownFileType = sourcecode.c.objc; path = PhotoOfViewController.m; sourceTree = "<group>"; };
		49E286491CE4B6020063DA38 /* ModelOfPhoto.h */ = {isa = PBXFileReference; fileEncoding = 4; lastKnownFileType = sourcecode.c.h; path = ModelOfPhoto.h; sourceTree = "<group>"; };
		49E2864A1CE4B6020063DA38 /* ModelOfPhoto.m */ = {isa = PBXFileReference; fileEncoding = 4; lastKnownFileType = sourcecode.c.objc; path = ModelOfPhoto.m; sourceTree = "<group>"; };
		49E286591CE4CD680063DA38 /* UIScrollView+SecondScrollView.h */ = {isa = PBXFileReference; fileEncoding = 4; lastKnownFileType = sourcecode.c.h; path = "UIScrollView+SecondScrollView.h"; sourceTree = "<group>"; };
		49E2865A1CE4CD680063DA38 /* UIScrollView+SecondScrollView.m */ = {isa = PBXFileReference; fileEncoding = 4; lastKnownFileType = sourcecode.c.objc; path = "UIScrollView+SecondScrollView.m"; sourceTree = "<group>"; };
/* End PBXFileReference section */

/* Begin PBXFrameworksBuildPhase section */
		49ACA8C91CE47CC20063A405 /* Frameworks */ = {
			isa = PBXFrameworksBuildPhase;
			buildActionMask = 2147483647;
			files = (
			);
			runOnlyForDeploymentPostprocessing = 0;
		};
		49ACA8E21CE47CC20063A405 /* Frameworks */ = {
			isa = PBXFrameworksBuildPhase;
			buildActionMask = 2147483647;
			files = (
			);
			runOnlyForDeploymentPostprocessing = 0;
		};
		49ACA8ED1CE47CC20063A405 /* Frameworks */ = {
			isa = PBXFrameworksBuildPhase;
			buildActionMask = 2147483647;
			files = (
			);
			runOnlyForDeploymentPostprocessing = 0;
		};
/* End PBXFrameworksBuildPhase section */

/* Begin PBXGroup section */
		49ACA8C31CE47CC20063A405 = {
			isa = PBXGroup;
			children = (
				49ACA8CE1CE47CC20063A405 /* May, 12 */,
				49ACA8E81CE47CC20063A405 /* May, 12Tests */,
				49ACA8F31CE47CC20063A405 /* May, 12UITests */,
				49ACA8CD1CE47CC20063A405 /* Products */,
				49E286301CE4A0200063DA38 /* 00.jpg */,
				49E286311CE4A0200063DA38 /* 01.jpg */,
				49E286321CE4A0200063DA38 /* 02.jpg */,
				49E286331CE4A0200063DA38 /* 03.jpg */,
				49E286341CE4A0200063DA38 /* 04.jpg */,
				49E286351CE4A0200063DA38 /* 05.jpg */,
			);
			sourceTree = "<group>";
		};
		49ACA8CD1CE47CC20063A405 /* Products */ = {
			isa = PBXGroup;
			children = (
				49ACA8CC1CE47CC20063A405 /* May, 12.app */,
				49ACA8E51CE47CC20063A405 /* May, 12Tests.xctest */,
				49ACA8F01CE47CC20063A405 /* May, 12UITests.xctest */,
			);
			name = Products;
			sourceTree = "<group>";
		};
		49ACA8CE1CE47CC20063A405 /* May, 12 */ = {
			isa = PBXGroup;
			children = (
				49ACA8D21CE47CC20063A405 /* AppDelegate.h */,
				49ACA8D31CE47CC20063A405 /* AppDelegate.m */,
				49ACA9041CE486380063A405 /* RootOfViewController.h */,
				49ACA9051CE486380063A405 /* RootOfViewController.m */,
				49E286581CE4CD680063DA38 /* ViewList */,
				49E286481CE4B6020063DA38 /* Model */,
				49ACA9021CE485F70063A405 /* Controllers */,
				49ACA9031CE485FE0063A405 /* Views */,
				49ACA8D81CE47CC20063A405 /* Main.storyboard */,
				49ACA8DB1CE47CC20063A405 /* Assets.xcassets */,
				49ACA8DD1CE47CC20063A405 /* LaunchScreen.storyboard */,
				49ACA8E01CE47CC20063A405 /* Info.plist */,
				49ACA8CF1CE47CC20063A405 /* Supporting Files */,
			);
			path = "May, 12";
			sourceTree = "<group>";
		};
		49ACA8CF1CE47CC20063A405 /* Supporting Files */ = {
			isa = PBXGroup;
			children = (
				49ACA8D01CE47CC20063A405 /* main.m */,
			);
			name = "Supporting Files";
			sourceTree = "<group>";
		};
		49ACA8E81CE47CC20063A405 /* May, 12Tests */ = {
			isa = PBXGroup;
			children = (
				49ACA8E91CE47CC20063A405 /* May__12Tests.m */,
				49ACA8EB1CE47CC20063A405 /* Info.plist */,
			);
			path = "May, 12Tests";
			sourceTree = "<group>";
		};
		49ACA8F31CE47CC20063A405 /* May, 12UITests */ = {
			isa = PBXGroup;
			children = (
				49ACA8F41CE47CC20063A405 /* May__12UITests.m */,
				49ACA8F61CE47CC20063A405 /* Info.plist */,
			);
			path = "May, 12UITests";
			sourceTree = "<group>";
		};
		49ACA9021CE485F70063A405 /* Controllers */ = {
			isa = PBXGroup;
			children = (
				49ACA8D51CE47CC20063A405 /* ViewController.h */,
				49ACA8D61CE47CC20063A405 /* ViewController.m */,
				49E286421CE4A0EA0063DA38 /* PhotoOfViewController.h */,
				49E286431CE4A0EA0063DA38 /* PhotoOfViewController.m */,
			);
			path = Controllers;
			sourceTree = "<group>";
		};
		49ACA9031CE485FE0063A405 /* Views */ = {
			isa = PBXGroup;
			children = (
				49E2863C1CE4A0780063DA38 /* PhotoOfButton.h */,
				49E2863D1CE4A0780063DA38 /* PhotoOfButton.m */,
			);
			path = Views;
			sourceTree = "<group>";
		};
		49E286481CE4B6020063DA38 /* Model */ = {
			isa = PBXGroup;
			children = (
				49E286491CE4B6020063DA38 /* ModelOfPhoto.h */,
				49E2864A1CE4B6020063DA38 /* ModelOfPhoto.m */,
			);
			path = Model;
			sourceTree = "<group>";
		};
		49E286581CE4CD680063DA38 /* ViewList */ = {
			isa = PBXGroup;
			children = (
				49E286591CE4CD680063DA38 /* UIScrollView+SecondScrollView.h */,
				49E2865A1CE4CD680063DA38 /* UIScrollView+SecondScrollView.m */,
			);
			name = ViewList;
			path = Controllers/ViewList;
			sourceTree = "<group>";
		};
/* End PBXGroup section */

/* Begin PBXNativeTarget section */
		49ACA8CB1CE47CC20063A405 /* May, 12 */ = {
			isa = PBXNativeTarget;
			buildConfigurationList = 49ACA8F91CE47CC20063A405 /* Build configuration list for PBXNativeTarget "May, 12" */;
			buildPhases = (
				49ACA8C81CE47CC20063A405 /* Sources */,
				49ACA8C91CE47CC20063A405 /* Frameworks */,
				49ACA8CA1CE47CC20063A405 /* Resources */,
			);
			buildRules = (
			);
			dependencies = (
			);
			name = "May, 12";
			productName = "May, 12";
			productReference = 49ACA8CC1CE47CC20063A405 /* May, 12.app */;
			productType = "com.apple.product-type.application";
		};
		49ACA8E41CE47CC20063A405 /* May, 12Tests */ = {
			isa = PBXNativeTarget;
			buildConfigurationList = 49ACA8FC1CE47CC20063A405 /* Build configuration list for PBXNativeTarget "May, 12Tests" */;
			buildPhases = (
				49ACA8E11CE47CC20063A405 /* Sources */,
				49ACA8E21CE47CC20063A405 /* Frameworks */,
				49ACA8E31CE47CC20063A405 /* Resources */,
			);
			buildRules = (
			);
			dependencies = (
				49ACA8E71CE47CC20063A405 /* PBXTargetDependency */,
			);
			name = "May, 12Tests";
			productName = "May, 12Tests";
			productReference = 49ACA8E51CE47CC20063A405 /* May, 12Tests.xctest */;
			productType = "com.apple.product-type.bundle.unit-test";
		};
		49ACA8EF1CE47CC20063A405 /* May, 12UITests */ = {
			isa = PBXNativeTarget;
			buildConfigurationList = 49ACA8FF1CE47CC20063A405 /* Build configuration list for PBXNativeTarget "May, 12UITests" */;
			buildPhases = (
				49ACA8EC1CE47CC20063A405 /* Sources */,
				49ACA8ED1CE47CC20063A405 /* Frameworks */,
				49ACA8EE1CE47CC20063A405 /* Resources */,
			);
			buildRules = (
			);
			dependencies = (
				49ACA8F21CE47CC20063A405 /* PBXTargetDependency */,
			);
			name = "May, 12UITests";
			productName = "May, 12UITests";
			productReference = 49ACA8F01CE47CC20063A405 /* May, 12UITests.xctest */;
			productType = "com.apple.product-type.bundle.ui-testing";
		};
/* End PBXNativeTarget section */

/* Begin PBXProject section */
		49ACA8C41CE47CC20063A405 /* Project object */ = {
			isa = PBXProject;
			attributes = {
				LastUpgradeCheck = 0710;
				ORGANIZATIONNAME = dllo;
				TargetAttributes = {
					49ACA8CB1CE47CC20063A405 = {
						CreatedOnToolsVersion = 7.1;
					};
					49ACA8E41CE47CC20063A405 = {
						CreatedOnToolsVersion = 7.1;
						TestTargetID = 49ACA8CB1CE47CC20063A405;
					};
					49ACA8EF1CE47CC20063A405 = {
						CreatedOnToolsVersion = 7.1;
						TestTargetID = 49ACA8CB1CE47CC20063A405;
					};
				};
			};
			buildConfigurationList = 49ACA8C71CE47CC20063A405 /* Build configuration list for PBXProject "May, 12" */;
			compatibilityVersion = "Xcode 3.2";
			developmentRegion = English;
			hasScannedForEncodings = 0;
			knownRegions = (
				en,
				Base,
			);
			mainGroup = 49ACA8C31CE47CC20063A405;
			productRefGroup = 49ACA8CD1CE47CC20063A405 /* Products */;
			projectDirPath = "";
			projectRoot = "";
			targets = (
				49ACA8CB1CE47CC20063A405 /* May, 12 */,
				49ACA8E41CE47CC20063A405 /* May, 12Tests */,
				49ACA8EF1CE47CC20063A405 /* May, 12UITests */,
			);
		};
/* End PBXProject section */

/* Begin PBXResourcesBuildPhase section */
		49ACA8CA1CE47CC20063A405 /* Resources */ = {
			isa = PBXResourcesBuildPhase;
			buildActionMask = 2147483647;
			files = (
				49E286391CE4A0200063DA38 /* 03.jpg in Resources */,
				49E2863A1CE4A0200063DA38 /* 04.jpg in Resources */,
				49E286371CE4A0200063DA38 /* 01.jpg in Resources */,
				49E286381CE4A0200063DA38 /* 02.jpg in Resources */,
				49E2863B1CE4A0200063DA38 /* 05.jpg in Resources */,
				49ACA8DF1CE47CC20063A405 /* LaunchScreen.storyboard in Resources */,
				49E286361CE4A0200063DA38 /* 00.jpg in Resources */,
				49ACA8DC1CE47CC20063A405 /* Assets.xcassets in Resources */,
				49ACA8DA1CE47CC20063A405 /* Main.storyboard in Resources */,
			);
			runOnlyForDeploymentPostprocessing = 0;
		};
		49ACA8E31CE47CC20063A405 /* Resources */ = {
			isa = PBXResourcesBuildPhase;
			buildActionMask = 2147483647;
			files = (
			);
			runOnlyForDeploymentPostprocessing = 0;
		};
		49ACA8EE1CE47CC20063A405 /* Resources */ = {
			isa = PBXResourcesBuildPhase;
			buildActionMask = 2147483647;
			files = (
			);
			runOnlyForDeploymentPostprocessing = 0;
		};
/* End PBXResourcesBuildPhase section */

/* Begin PBXSourcesBuildPhase section */
		49ACA8C81CE47CC20063A405 /* Sources */ = {
			isa = PBXSourcesBuildPhase;
			buildActionMask = 2147483647;
			files = (
				49E286441CE4A0EA0063DA38 /* PhotoOfViewController.m in Sources */,
				49ACA8D71CE47CC20063A405 /* ViewController.m in Sources */,
				49E2865B1CE4CD680063DA38 /* UIScrollView+SecondScrollView.m in Sources */,
				49ACA9061CE486380063A405 /* RootOfViewController.m in Sources */,
				49ACA8D41CE47CC20063A405 /* AppDelegate.m in Sources */,
				49E2864B1CE4B6020063DA38 /* ModelOfPhoto.m in Sources */,
				49ACA8D11CE47CC20063A405 /* main.m in Sources */,
				49E2863E1CE4A0780063DA38 /* PhotoOfButton.m in Sources */,
			);
			runOnlyForDeploymentPostprocessing = 0;
		};
		49ACA8E11CE47CC20063A405 /* Sources */ = {
			isa = PBXSourcesBuildPhase;
			buildActionMask = 2147483647;
			files = (
				49ACA8EA1CE47CC20063A405 /* May__12Tests.m in Sources */,
			);
			runOnlyForDeploymentPostprocessing = 0;
		};
		49ACA8EC1CE47CC20063A405 /* Sources */ = {
			isa = PBXSourcesBuildPhase;
			buildActionMask = 2147483647;
			files = (
				49ACA8F51CE47CC20063A405 /* May__12UITests.m in Sources */,
			);
			runOnlyForDeploymentPostprocessing = 0;
		};
/* End PBXSourcesBuildPhase section */

/* Begin PBXTargetDependency section */
		49ACA8E71CE47CC20063A405 /* PBXTargetDependency */ = {
			isa = PBXTargetDependency;
			target = 49ACA8CB1CE47CC20063A405 /* May, 12 */;
			targetProxy = 49ACA8E61CE47CC20063A405 /* PBXContainerItemProxy */;
		};
		49ACA8F21CE47CC20063A405 /* PBXTargetDependency */ = {
			isa = PBXTargetDependency;
			target = 49ACA8CB1CE47CC20063A405 /* May, 12 */;
			targetProxy = 49ACA8F11CE47CC20063A405 /* PBXContainerItemProxy */;
		};
/* End PBXTargetDependency section */

/* Begin PBXVariantGroup section */
		49ACA8D81CE47CC20063A405 /* Main.storyboard */ = {
			isa = PBXVariantGroup;
			children = (
				49ACA8D91CE47CC20063A405 /* Base */,
			);
			name = Main.storyboard;
			sourceTree = "<group>";
		};
		49ACA8DD1CE47CC20063A405 /* LaunchScreen.storyboard */ = {
			isa = PBXVariantGroup;
			children = (
				49ACA8DE1CE47CC20063A405 /* Base */,
			);
			name = LaunchScreen.storyboard;
			sourceTree = "<group>";
		};
/* End PBXVariantGroup section */

/* Begin XCBuildConfiguration section */
		49ACA8F71CE47CC20063A405 /* Debug */ = {
			isa = XCBuildConfiguration;
			buildSettings = {
				ALWAYS_SEARCH_USER_PATHS = NO;
				CLANG_CXX_LANGUAGE_STANDARD = "gnu++0x";
				CLANG_CXX_LIBRARY = "libc++";
				CLANG_ENABLE_MODULES = YES;
				CLANG_ENABLE_OBJC_ARC = NO;
				CLANG_WARN_BOOL_CONVERSION = YES;
				CLANG_WARN_CONSTANT_CONVERSION = YES;
				CLANG_WARN_DIRECT_OBJC_ISA_USAGE = YES_ERROR;
				CLANG_WARN_EMPTY_BODY = YES;
				CLANG_WARN_ENUM_CONVERSION = YES;
				CLANG_WARN_INT_CONVERSION = YES;
				CLANG_WARN_OBJC_ROOT_CLASS = YES_ERROR;
				CLANG_WARN_UNREACHABLE_CODE = YES;
				CLANG_WARN__DUPLICATE_METHOD_MATCH = YES;
				"CODE_SIGN_IDENTITY[sdk=iphoneos*]" = "iPhone Developer";
				COPY_PHASE_STRIP = NO;
				DEBUG_INFORMATION_FORMAT = dwarf;
				ENABLE_STRICT_OBJC_MSGSEND = YES;
				ENABLE_TESTABILITY = YES;
				GCC_C_LANGUAGE_STANDARD = gnu99;
				GCC_DYNAMIC_NO_PIC = NO;
				GCC_NO_COMMON_BLOCKS = YES;
				GCC_OPTIMIZATION_LEVEL = 0;
				GCC_PREPROCESSOR_DEFINITIONS = (
					"DEBUG=1",
					"$(inherited)",
				);
				GCC_WARN_64_TO_32_BIT_CONVERSION = YES;
				GCC_WARN_ABOUT_RETURN_TYPE = YES_ERROR;
				GCC_WARN_UNDECLARED_SELECTOR = YES;
				GCC_WARN_UNINITIALIZED_AUTOS = YES_AGGRESSIVE;
				GCC_WARN_UNUSED_FUNCTION = YES;
				GCC_WARN_UNUSED_VARIABLE = YES;
				IPHONEOS_DEPLOYMENT_TARGET = 9.1;
				MTL_ENABLE_DEBUG_INFO = YES;
				ONLY_ACTIVE_ARCH = YES;
				SDKROOT = iphoneos;
			};
			name = Debug;
		};
		49ACA8F81CE47CC20063A405 /* Release */ = {
			isa = XCBuildConfiguration;
			buildSettings = {
				ALWAYS_SEARCH_USER_PATHS = NO;
				CLANG_CXX_LANGUAGE_STANDARD = "gnu++0x";
				CLANG_CXX_LIBRARY = "libc++";
				CLANG_ENABLE_MODULES = YES;
				CLANG_ENABLE_OBJC_ARC = NO;
				CLANG_WARN_BOOL_CONVERSION = YES;
				CLANG_WARN_CONSTANT_CONVERSION = YES;
				CLANG_WARN_DIRECT_OBJC_ISA_USAGE = YES_ERROR;
				CLANG_WARN_EMPTY_BODY = YES;
				CLANG_WARN_ENUM_CONVERSION = YES;
				CLANG_WARN_INT_CONVERSION = YES;
				CLANG_WARN_OBJC_ROOT_CLASS = YES_ERROR;
				CLANG_WARN_UNREACHABLE_CODE = YES;
				CLANG_WARN__DUPLICATE_METHOD_MATCH = YES;
				"CODE_SIGN_IDENTITY[sdk=iphoneos*]" = "iPhone Developer";
				COPY_PHASE_STRIP = NO;
				DEBUG_INFORMATION_FORMAT = "dwarf-with-dsym";
				ENABLE_NS_ASSERTIONS = NO;
				ENABLE_STRICT_OBJC_MSGSEND = YES;
				GCC_C_LANGUAGE_STANDARD = gnu99;
				GCC_NO_COMMON_BLOCKS = YES;
				GCC_WARN_64_TO_32_BIT_CONVERSION = YES;
				GCC_WARN_ABOUT_RETURN_TYPE = YES_ERROR;
				GCC_WARN_UNDECLARED_SELECTOR = YES;
				GCC_WARN_UNINITIALIZED_AUTOS = YES_AGGRESSIVE;
				GCC_WARN_UNUSED_FUNCTION = YES;
				GCC_WARN_UNUSED_VARIABLE = YES;
				IPHONEOS_DEPLOYMENT_TARGET = 9.1;
				MTL_ENABLE_DEBUG_INFO = NO;
				SDKROOT = iphoneos;
				VALIDATE_PRODUCT = YES;
			};
			name = Release;
		};
		49ACA8FA1CE47CC20063A405 /* Debug */ = {
			isa = XCBuildConfiguration;
			buildSettings = {
				ASSETCATALOG_COMPILER_APPICON_NAME = AppIcon;
				INFOPLIST_FILE = "May, 12/Info.plist";
				LD_RUNPATH_SEARCH_PATHS = "$(inherited) @executable_path/Frameworks";
				PRODUCT_BUNDLE_IDENTIFIER = "com.lanou3g.May--12";
				PRODUCT_NAME = "$(TARGET_NAME)";
			};
			name = Debug;
		};
		49ACA8FB1CE47CC20063A405 /* Release */ = {
			isa = XCBuildConfiguration;
			buildSettings = {
				ASSETCATALOG_COMPILER_APPICON_NAME = AppIcon;
				INFOPLIST_FILE = "May, 12/Info.plist";
				LD_RUNPATH_SEARCH_PATHS = "$(inherited) @executable_path/Frameworks";
				PRODUCT_BUNDLE_IDENTIFIER = "com.lanou3g.May--12";
				PRODUCT_NAME = "$(TARGET_NAME)";
			};
			name = Release;
		};
		49ACA8FD1CE47CC20063A405 /* Debug */ = {
			isa = XCBuildConfiguration;
			buildSettings = {
				BUNDLE_LOADER = "$(TEST_HOST)";
				INFOPLIST_FILE = "May, 12Tests/Info.plist";
				LD_RUNPATH_SEARCH_PATHS = "$(inherited) @executable_path/Frameworks @loader_path/Frameworks";
				PRODUCT_BUNDLE_IDENTIFIER = "com.lanou3g.May--12Tests";
				PRODUCT_NAME = "$(TARGET_NAME)";
				TEST_HOST = "$(BUILT_PRODUCTS_DIR)/May, 12.app/May, 12";
			};
			name = Debug;
		};
		49ACA8FE1CE47CC20063A405 /* Release */ = {
			isa = XCBuildConfiguration;
			buildSettings = {
				BUNDLE_LOADER = "$(TEST_HOST)";
				INFOPLIST_FILE = "May, 12Tests/Info.plist";
				LD_RUNPATH_SEARCH_PATHS = "$(inherited) @executable_path/Frameworks @loader_path/Frameworks";
				PRODUCT_BUNDLE_IDENTIFIER = "com.lanou3g.May--12Tests";
				PRODUCT_NAME = "$(TARGET_NAME)";
				TEST_HOST = "$(BUILT_PRODUCTS_DIR)/May, 12.app/May, 12";
			};
			name = Release;
		};
		49ACA9001CE47CC20063A405 /* Debug */ = {
			isa = XCBuildConfiguration;
			buildSettings = {
				INFOPLIST_FILE = "May, 12UITests/Info.plist";
				LD_RUNPATH_SEARCH_PATHS = "$(inherited) @executable_path/Frameworks @loader_path/Frameworks";
				PRODUCT_BUNDLE_IDENTIFIER = "com.lanou3g.May--12UITests";
				PRODUCT_NAME = "$(TARGET_NAME)";
				TEST_TARGET_NAME = "May, 12";
				USES_XCTRUNNER = YES;
			};
			name = Debug;
		};
		49ACA9011CE47CC20063A405 /* Release */ = {
			isa = XCBuildConfiguration;
			buildSettings = {
				INFOPLIST_FILE = "May, 12UITests/Info.plist";
				LD_RUNPATH_SEARCH_PATHS = "$(inherited) @executable_path/Frameworks @loader_path/Frameworks";
				PRODUCT_BUNDLE_IDENTIFIER = "com.lanou3g.May--12UITests";
				PRODUCT_NAME = "$(TARGET_NAME)";
				TEST_TARGET_NAME = "May, 12";
				USES_XCTRUNNER = YES;
			};
			name = Release;
		};
/* End XCBuildConfiguration section */

/* Begin XCConfigurationList section */
		49ACA8C71CE47CC20063A405 /* Build configuration list for PBXProject "May, 12" */ = {
			isa = XCConfigurationList;
			buildConfigurations = (
				49ACA8F71CE47CC20063A405 /* Debug */,
				49ACA8F81CE47CC20063A405 /* Release */,
			);
			defaultConfigurationIsVisible = 0;
			defaultConfigurationName = Release;
		};
		49ACA8F91CE47CC20063A405 /* Build configuration list for PBXNativeTarget "May, 12" */ = {
			isa = XCConfigurationList;
			buildConfigurations = (
				49ACA8FA1CE47CC20063A405 /* Debug */,
				49ACA8FB1CE47CC20063A405 /* Release */,
			);
			defaultConfigurationIsVisible = 0;
			defaultConfigurationName = Release;
		};
		49ACA8FC1CE47CC20063A405 /* Build configuration list for PBXNativeTarget "May, 12Tests" */ = {
			isa = XCConfigurationList;
			buildConfigurations = (
				49ACA8FD1CE47CC20063A405 /* Debug */,
				49ACA8FE1CE47CC20063A405 /* Release */,
			);
			defaultConfigurationIsVisible = 0;
			defaultConfigurationName = Release;
		};
		49ACA8FF1CE47CC20063A405 /* Build configuration list for PBXNativeTarget "May, 12UITests" */ = {
			isa = XCConfigurationList;
			buildConfigurations = (
				49ACA9001CE47CC20063A405 /* Debug */,
				49ACA9011CE47CC20063A405 /* Release */,
			);
			defaultConfigurationIsVisible = 0;
			defaultConfigurationName = Release;
		};
/* End XCConfigurationList section */
	};
	rootObject = 49ACA8C41CE47CC20063A405 /* Project object */;
}
